
Microsoft Visual Studio Solution File, Format Version 12.00
# Visual Studio 15
VisualStudioVersion = 15.0.28010.2019
MinimumVisualStudioVersion = 10.0.40219.1
Project("{FAE04EC0-301F-11D3-BF4B-00C04F79EFBC}") = "SPA-Angular-Core", "SPA-Angular-Core\SPA-Angular-Core.csproj", "{5C11D2CC-AE2C-4B85-9C23-4C3656EA370E}"
EndProject
Global
	GlobalSection(SolutionConfigurationPlatforms) = preSolution
		Debug|Any CPU = Debug|Any CPU
		Release|Any CPU = Release|Any CPU
	EndGlobalSection
	GlobalSection(ProjectConfigurationPlatforms) = postSolution
		{5C11D2CC-AE2C-4B85-9C23-4C3656EA370E}.Debug|Any CPU.ActiveCfg = Debug|Any CPU
		{5C11D2CC-AE2C-4B85-9C23-4C3656EA370E}.Debug|Any CPU.Build.0 = Debug|Any CPU
		{5C11D2CC-AE2C-4B85-9C23-4C3656EA370E}.Release|Any CPU.ActiveCfg = Release|Any CPU
		{5C11D2CC-AE2C-4B85-9C23-4C3656EA370E}.Release|Any CPU.Build.0 = Release|Any CPU
	EndGlobalSection
	GlobalSection(SolutionProperties) = preSolution
		HideSolutionNode = FALSE
	EndGlobalSection
	GlobalSection(ExtensibilityGlobals) = postSolution
		SolutionGuid = {34AE7618-5893-44E9-93B5-13B93B3591F6}
	EndGlobalSection
EndGlobal
